cookbook 'sqlite', :locked_version => '1.0.0'
cookbook 'apt', :locked_version => '1.5.0'
cookbook 'jenkins', :git => 'git@github.com:cloudbau/chef-jenkins.git', :ref => '8c1b9317368623da72736ff2cfa7075326966fd6'
cookbook 'git', :locked_version => '2.0.0'
cookbook 'build-essential', :locked_version => '1.2.0'
cookbook 'yum', :locked_version => '2.0.0'
cookbook 'avahi-daemon', :locked_version => '0.0.14'
cookbook 'autoetchosts', :locked_version => '0.0.1'
cookbook 'sudo', :locked_version => '2.2.2'
cookbook 'hostname', :locked_version => '0.1.0'
cookbook 'rvm', :git => 'git@github.com:fnichol/chef-rvm.git', :ref => '59dc482e2c39db4c378e79e10569f1becdc4bc43'
cookbook 'mysql', :locked_version => '3.0.0'
cookbook 'memcached', :locked_version => '1.6.0'
cookbook 'redis', :locked_version => '3.0.4'
cookbook 'slave', :path => '/Users/tkadauke/code/chef-jenkins/cookbooks/slave'
cookbook 'iptables', :locked_version => '0.12.0'
cookbook 'runit', :locked_version => '1.1.4'
cookbook 'java', :locked_version => '1.11.4'
cookbook 'windows', :locked_version => '1.8.10'
cookbook 'chef_handler', :locked_version => '1.1.4'
cookbook 'dmg', :locked_version => '1.1.0'
cookbook 'hostsfile', :locked_version => '2.4.0'
cookbook 'chef_gem', :locked_version => '0.1.0'
cookbook 'openssl', :locked_version => '1.0.2'
cookbook 'install_from', :locked_version => '3.0.4'
cookbook 'metachef', :locked_version => '3.0.4'